{
  "name": "@clarity/entities",
  "version": "0.1.2",
  "lockfileVersion": 1,
  "requires": true,
  "dependencies": {
    "typescript": {
      "version": "3.2.4",
      "resolved": "https://crgolden.pkgs.visualstudio.com/_packaging/Cef/npm/registry/typescript/-/typescript-3.2.4.tgz",
      "integrity": "sha1-xYXLlSkSJj2RW0YnJs4kS6UQ7z0=",
      "dev": true
    }
  }
}
