{
  "name": "@clarity/services",
  "version": "0.1.3",
  "lockfileVersion": 1,
  "requires": true,
  "dependencies": {
    "@angular/animations": {
      "version": "7.2.5",
      "resolved": "https://registry.npmjs.org/@angular/animations/-/animations-7.2.5.tgz",
      "integrity": "sha512-BJPm9pls6MuIhn6TF1f2ZwkGFTamuyJbhXz8n9u669tTI4deUAEEHCzYaEgVu4q007niVg2ZnO4MDcxXtc5nFQ==",
      "requires": {
        "tslib": "^1.9.0"
      }
    },
    "@angular/common": {
      "version": "7.2.5",
      "resolved": "https://registry.npmjs.org/@angular/common/-/common-7.2.5.tgz",
      "integrity": "sha512-IW3vk0DDblbZMD8gkKVpPa/krXky4i5baFhKgqN2xYo48epXYvAezm5q71a982eadjUussbaYPlsXzYNAhdVKQ==",
      "requires": {
        "tslib": "^1.9.0"
      }
    },
    "@angular/compiler": {
      "version": "7.2.5",
      "resolved": "https://registry.npmjs.org/@angular/compiler/-/compiler-7.2.5.tgz",
      "integrity": "sha512-/41ehOSupAA+uc32XHmN5jOvqmb4A4D+V+MXDmnlYVaYAYZrGf3AS+1RJuBy5cIUGQ1Nv+Nbj4Y7X/ydb6ncOQ==",
      "requires": {
        "tslib": "^1.9.0"
      }
    },
    "@angular/core": {
      "version": "7.2.5",
      "resolved": "https://registry.npmjs.org/@angular/core/-/core-7.2.5.tgz",
      "integrity": "sha512-SKBDqoKNj9vjuLeNToFySafTWb+fyIhCj6C/yzlPcsRPLZj0Kzbvn1IKE+TWBLa/85dUiaE1xdBNQ66jTtpFSA==",
      "requires": {
        "tslib": "^1.9.0"
      }
    },
    "@angular/forms": {
      "version": "7.2.5",
      "resolved": "https://registry.npmjs.org/@angular/forms/-/forms-7.2.5.tgz",
      "integrity": "sha512-VBWbQ26ck1V014DSkFjlrlCksAZ3Q8rmHLZFy+o2k1CVyy49ojV/OxLDfJutp0QvflO+sWnzfDPaND/Ed9tS4w==",
      "requires": {
        "tslib": "^1.9.0"
      }
    },
    "@angular/platform-browser": {
      "version": "7.2.5",
      "resolved": "https://registry.npmjs.org/@angular/platform-browser/-/platform-browser-7.2.5.tgz",
      "integrity": "sha512-trSFOsRC+PrjqE709RQ7ezVCouehD7e82FhQNZQx9O1IZQyO0hxE2ncVB4Lvd7KpunAiFX7M1A2wfksHQl+0qw==",
      "requires": {
        "tslib": "^1.9.0"
      }
    },
    "@progress/kendo-angular-buttons": {
      "version": "4.3.3",
      "resolved": "https://registry.npmjs.org/@progress/kendo-angular-buttons/-/kendo-angular-buttons-4.3.3.tgz",
      "integrity": "sha512-roJaR/k3EzbynUdFQzkkOyDvD+QKrn5Bc+cG4xNHuEp1S9VVicJDZ5VEsx9JU/zn/cZkr7aUpf0T6Wvtx/7JBg==",
      "requires": {
        "@progress/kendo-angular-popup": "^2.0.0",
        "@progress/kendo-popup-common": "^1.2.3",
        "@telerik/kendo-draggable": "^1.5.1",
        "tslib": "^1.7.0"
      }
    },
    "@progress/kendo-angular-dateinputs": {
      "version": "3.5.4",
      "resolved": "https://registry.npmjs.org/@progress/kendo-angular-dateinputs/-/kendo-angular-dateinputs-3.5.4.tgz",
      "integrity": "sha512-zR9usrKGKetN4bZAjmfbON1xaCuuhxGLbLp2+UWiIfcKcd1InugiR9PXen0uUp+Ua0V3AzF+cjD7kZfqVXTfoQ==",
      "requires": {
        "@progress/kendo-angular-popup": "^2.0.0",
        "@progress/kendo-date-math": "^1.1.0",
        "@progress/kendo-schematics": "^0.2.0",
        "tslib": "^1.7.0"
      }
    },
    "@progress/kendo-angular-dropdowns": {
      "version": "3.5.0",
      "resolved": "https://registry.npmjs.org/@progress/kendo-angular-dropdowns/-/kendo-angular-dropdowns-3.5.0.tgz",
      "integrity": "sha512-mgLd434pI+yNxuJ1Ve0TR/6yOuBUdC0GCnTAnmTAx9Q4Y2UKH9FeEID/btEmQ7Sx4F3K3TxItW9/yW6WU5V+fg==",
      "requires": {
        "@progress/kendo-angular-popup": "^2.0.0",
        "@progress/kendo-angular-resize-sensor": "^3.1.2",
        "@progress/kendo-schematics": "^0.2.0",
        "tslib": "^1.7.0"
      }
    },
    "@progress/kendo-angular-excel-export": {
      "version": "2.3.0",
      "resolved": "https://registry.npmjs.org/@progress/kendo-angular-excel-export/-/kendo-angular-excel-export-2.3.0.tgz",
      "integrity": "sha512-5EKYv8DtZaWhaYoTdGNNasJqwsCuUIHqXmWnnEXxPmKm0mZg3aJk+XFonfeCinx2RzVmxGQb9URH1Q772n2Xbg==",
      "requires": {
        "@progress/kendo-file-saver": "^1.0.0",
        "@progress/kendo-ooxml": "^1.2.0",
        "@progress/kendo-schematics": "^0.2.0",
        "tslib": "^1.7.0"
      }
    },
    "@progress/kendo-angular-grid": {
      "version": "3.12.1",
      "resolved": "https://registry.npmjs.org/@progress/kendo-angular-grid/-/kendo-angular-grid-3.12.1.tgz",
      "integrity": "sha512-4pJBO9EmXuxcRoQbkyyqL9S8CyDnnb3fo/TSZ6eVfpMs5RWOhQa5etB2uRgiIwZ/0qiacgQe3FXm1Tsyajin9Q==",
      "requires": {
        "@progress/kendo-angular-pdf-export": "^1.0.0",
        "@progress/kendo-angular-resize-sensor": "^3.1.2",
        "@progress/kendo-file-saver": "^1.0.0",
        "@progress/kendo-schematics": "^0.2.1",
        "@telerik/kendo-draggable": "^1.9.0",
        "tslib": "^1.7.0"
      }
    },
    "@progress/kendo-angular-inputs": {
      "version": "4.0.0",
      "resolved": "https://registry.npmjs.org/@progress/kendo-angular-inputs/-/kendo-angular-inputs-4.0.0.tgz",
      "integrity": "sha512-4mUaT8tzNSVgFDQ/9njuKrGoziws/Q+ZJp9UOmRxEXGEOvR6iJ0b/16A/z/JOqKMcTQLHyYleh5dqtC5nzahPw==",
      "requires": {
        "@progress/kendo-angular-resize-sensor": "^3.1.2",
        "@progress/kendo-common": "^0.1.1",
        "@progress/kendo-schematics": "^0.2.0",
        "@telerik/kendo-draggable": "^1.5.1",
        "@telerik/kendo-inputs-common": "^2.2.2",
        "tslib": "^1.7.0"
      }
    },
    "@progress/kendo-angular-intl": {
      "version": "1.6.1",
      "resolved": "https://registry.npmjs.org/@progress/kendo-angular-intl/-/kendo-angular-intl-1.6.1.tgz",
      "integrity": "sha512-s5p4awEM8hBrmqYFL5O/NLJRbUTaoowzdKVWGNSHHoYSJhbWfCDIEKf+u46EYjDzxu5w0HnijUW+2fqvmRw4YA==",
      "requires": {
        "@telerik/kendo-intl": "^1.3.0",
        "tslib": "^1.7.0"
      }
    },
    "@progress/kendo-angular-l10n": {
      "version": "1.3.0",
      "resolved": "https://registry.npmjs.org/@progress/kendo-angular-l10n/-/kendo-angular-l10n-1.3.0.tgz",
      "integrity": "sha512-IoHUXqV+taRx2Bo2qcisBlvXI2IX72Z+69gx8z++VHkG8sccxG7AnuZ7zB/uY31VNhZUh7ZvRbuXx08zFxg8bg==",
      "requires": {
        "tslib": "^1.7.0"
      }
    },
    "@progress/kendo-angular-pdf-export": {
      "version": "1.2.0",
      "resolved": "https://registry.npmjs.org/@progress/kendo-angular-pdf-export/-/kendo-angular-pdf-export-1.2.0.tgz",
      "integrity": "sha512-ZQrlHsPr4ePzcauLRbnWvKuAssla1RGIISLfIqWpQ44Yf2xMwsnHEUaTS4d+g4/Y5a1cnYIuVElpTcViTTpSVw==",
      "requires": {
        "@progress/kendo-file-saver": "^1.0.1",
        "@progress/kendo-schematics": "^0.2.0",
        "tslib": "^1.7.0"
      }
    },
    "@progress/kendo-angular-popup": {
      "version": "2.5.0",
      "resolved": "https://registry.npmjs.org/@progress/kendo-angular-popup/-/kendo-angular-popup-2.5.0.tgz",
      "integrity": "sha512-RDBM3i/cTadCAncxclQE0RDYGV96dipryNmaKVXaHFH6qgQTH023ZEsjd47/8zBt6S1HAWAD9opr55gzjskMkg==",
      "requires": {
        "@progress/kendo-popup-common": "^1.6.0",
        "@progress/kendo-schematics": "^0.2.0",
        "tslib": "^1.7.0"
      }
    },
    "@progress/kendo-angular-resize-sensor": {
      "version": "3.1.2",
      "resolved": "https://registry.npmjs.org/@progress/kendo-angular-resize-sensor/-/kendo-angular-resize-sensor-3.1.2.tgz",
      "integrity": "sha512-Wf9HS6zSGGo19dJBYin6PGYs87pqqpgFjDHKSCj+qZqAQRcnTHfGZMz1JvRNOZIVyS7mUFIbRZxP486e9vvTSA==",
      "requires": {
        "tslib": "^1.7.0"
      }
    },
    "@progress/kendo-common": {
      "version": "0.1.1",
      "resolved": "https://registry.npmjs.org/@progress/kendo-common/-/kendo-common-0.1.1.tgz",
      "integrity": "sha512-ekEjcFsL3eBHWjh+cO+I/d2RVN7P2pDBI903jmp/dj0ojV3eu+V0u/AYWmvrNEqjeax4sx+qhSnO5iJNB391iQ==",
      "requires": {
        "tslib": "^1.7.0"
      }
    },
    "@progress/kendo-data-query": {
      "version": "1.5.0",
      "resolved": "https://registry.npmjs.org/@progress/kendo-data-query/-/kendo-data-query-1.5.0.tgz",
      "integrity": "sha512-/uEE+5FUjQ/NGnGPZSr+7lLHN/5QAf9E/tWjLyVuNM/UyLfc9Q8QlLQmEL16ML8FiE0JssgIwbnOtkrSUO6O7Q==",
      "requires": {
        "tslib": "^1.7.0"
      }
    },
    "@progress/kendo-date-math": {
      "version": "1.4.0",
      "resolved": "https://registry.npmjs.org/@progress/kendo-date-math/-/kendo-date-math-1.4.0.tgz",
      "integrity": "sha512-9TXAiraVYA2pgAIIPi7wU3ymf0uYXSU3u1ZDltORgxopkH/3v2RDEiGYs+Eov+jOins9D02u+cEbgELzUTwfhw==",
      "requires": {
        "tslib": "^1.7.0"
      }
    },
    "@progress/kendo-drawing": {
      "version": "1.5.8",
      "resolved": "https://registry.npmjs.org/@progress/kendo-drawing/-/kendo-drawing-1.5.8.tgz",
      "integrity": "sha512-eM+8jpH2sR6A7P3DxsdM4hhN+PUraoyVvTIotF9TWdWNnTGejEGgSw5wNGCyWMvxf5Q+9qpBI/rj5djztsiIIw==",
      "requires": {
        "pako": "^1.0.5"
      }
    },
    "@progress/kendo-file-saver": {
      "version": "1.0.7",
      "resolved": "https://registry.npmjs.org/@progress/kendo-file-saver/-/kendo-file-saver-1.0.7.tgz",
      "integrity": "sha512-8tsho/+DATzfTW4BBaHrkF3C3jqH2/bQ+XbjqA0KfmTiBRVK6ygK+tkvkYeDhFlQBbJ02MmJlEC6OmXvXRFkUg=="
    },
    "@progress/kendo-ooxml": {
      "version": "1.2.0",
      "resolved": "https://registry.npmjs.org/@progress/kendo-ooxml/-/kendo-ooxml-1.2.0.tgz",
      "integrity": "sha512-bbOKwxsm9BJbFzn70VWASFJZEdoGyOmfzxoZiYRC4bvyNZzt36aI3MAKZaL7u6kxxKoqTw8R0XZjsq70AcOlVQ==",
      "requires": {
        "jszip": "^3.1.0"
      }
    },
    "@progress/kendo-popup-common": {
      "version": "1.6.1",
      "resolved": "https://registry.npmjs.org/@progress/kendo-popup-common/-/kendo-popup-common-1.6.1.tgz",
      "integrity": "sha512-tIoAzxT7cIwS1gdY/+4Adz9vGS1KDMVIUZdTTyC5jbWZKU33L5cGLGI2RyLADkRituil9u5V0Z9Akk9YctVLfA=="
    },
    "@progress/kendo-schematics": {
      "version": "0.2.5",
      "resolved": "https://registry.npmjs.org/@progress/kendo-schematics/-/kendo-schematics-0.2.5.tgz",
      "integrity": "sha512-F9ZXPhDoHGQ5MIUTGn7NkEgX5RV6eBfLVtv0yOCKxZpTF6VkYWAnKFYhQFCFgHJsDGPMZtcT2hB1MHntIYIipA=="
    },
    "@telerik/kendo-draggable": {
      "version": "1.9.1",
      "resolved": "https://registry.npmjs.org/@telerik/kendo-draggable/-/kendo-draggable-1.9.1.tgz",
      "integrity": "sha512-F5AeqUFevoSphuiYU48Jui+4eTXAM8rPpuSj5Sh6h6gC2NabpoawIH/M/ND/nAiC0A+WrgsBptdNF85NyrMhRw=="
    },
    "@telerik/kendo-inputs-common": {
      "version": "2.3.2",
      "resolved": "https://registry.npmjs.org/@telerik/kendo-inputs-common/-/kendo-inputs-common-2.3.2.tgz",
      "integrity": "sha1-SK07ITdVbdCrcznkEPKTHjxlo7Y="
    },
    "@telerik/kendo-intl": {
      "version": "1.4.4",
      "resolved": "https://registry.npmjs.org/@telerik/kendo-intl/-/kendo-intl-1.4.4.tgz",
      "integrity": "sha512-aALwrLRyWLo5P6Tk9PJPXpZlsooud/6laMNULffD7cPsgO7LSFOFcCWw+ESSYc7FRu6n70y0+wheGGemA7F9kA=="
    },
    "@types/jasmine": {
      "version": "3.3.9",
      "resolved": "https://registry.npmjs.org/@types/jasmine/-/jasmine-3.3.9.tgz",
      "integrity": "sha512-vw3VyFPa9mlba6NZPBZC3q2Zrnkgy5xuCVI43/tTLX6umdYrYvcFtQUKi2zH3PjFZQ9XCxNM/NMrM9uk8TPOzg=="
    },
    "ansi-regex": {
      "version": "2.1.1",
      "resolved": "https://registry.npmjs.org/ansi-regex/-/ansi-regex-2.1.1.tgz",
      "integrity": "sha1-w7M6te42DYbg5ijwRorn7yfWVN8=",
      "dev": true
    },
    "ansi-styles": {
      "version": "2.2.1",
      "resolved": "https://registry.npmjs.org/ansi-styles/-/ansi-styles-2.2.1.tgz",
      "integrity": "sha1-tDLdM1i2NM914eRmQ2gkBTPB3b4=",
      "dev": true
    },
    "app-root-path": {
      "version": "2.1.0",
      "resolved": "https://registry.npmjs.org/app-root-path/-/app-root-path-2.1.0.tgz",
      "integrity": "sha1-mL9lmTJ+zqGZMJhm6BQDaP0uZGo=",
      "dev": true
    },
    "argparse": {
      "version": "1.0.10",
      "resolved": "https://registry.npmjs.org/argparse/-/argparse-1.0.10.tgz",
      "integrity": "sha512-o5Roy6tNG4SL/FOkCAN6RzjiakZS25RLYFrcMttJqbdd8BWrnA+fGz57iN5Pb06pvBGvl5gQ0B48dJlslXvoTg==",
      "dev": true,
      "requires": {
        "sprintf-js": "~1.0.2"
      },
      "dependencies": {
        "sprintf-js": {
          "version": "1.0.3",
          "resolved": "https://registry.npmjs.org/sprintf-js/-/sprintf-js-1.0.3.tgz",
          "integrity": "sha1-BOaSb2YolTVPPdAVIDYzuFcpfiw=",
          "dev": true
        }
      }
    },
    "babel-code-frame": {
      "version": "6.26.0",
      "resolved": "https://registry.npmjs.org/babel-code-frame/-/babel-code-frame-6.26.0.tgz",
      "integrity": "sha1-Y/1D99weO7fONZR9uP42mj9Yx0s=",
      "dev": true,
      "requires": {
        "chalk": "^1.1.3",
        "esutils": "^2.0.2",
        "js-tokens": "^3.0.2"
      },
      "dependencies": {
        "chalk": {
          "version": "1.1.3",
          "resolved": "https://registry.npmjs.org/chalk/-/chalk-1.1.3.tgz",
          "integrity": "sha1-qBFcVeSnAv5NFQq9OHKCKn4J/Jg=",
          "dev": true,
          "requires": {
            "ansi-styles": "^2.2.1",
            "escape-string-regexp": "^1.0.2",
            "has-ansi": "^2.0.0",
            "strip-ansi": "^3.0.0",
            "supports-color": "^2.0.0"
          }
        }
      }
    },
    "balanced-match": {
      "version": "1.0.0",
      "resolved": "https://registry.npmjs.org/balanced-match/-/balanced-match-1.0.0.tgz",
      "integrity": "sha1-ibTRmasr7kneFk6gK4nORi1xt2c=",
      "dev": true
    },
    "brace-expansion": {
      "version": "1.1.11",
      "resolved": "https://registry.npmjs.org/brace-expansion/-/brace-expansion-1.1.11.tgz",
      "integrity": "sha512-iCuPHDFgrHX7H2vEI/5xpz07zSHB00TpugqhmYtVmMO6518mCuRMoOYFldEBl0g187ufozdaHgWKcYFb61qGiA==",
      "dev": true,
      "requires": {
        "balanced-match": "^1.0.0",
        "concat-map": "0.0.1"
      }
    },
    "builtin-modules": {
      "version": "1.1.1",
      "resolved": "https://registry.npmjs.org/builtin-modules/-/builtin-modules-1.1.1.tgz",
      "integrity": "sha1-Jw8HbFpywC9bZaR9+Uxf46J4iS8=",
      "dev": true
    },
    "chalk": {
      "version": "2.4.2",
      "resolved": "https://registry.npmjs.org/chalk/-/chalk-2.4.2.tgz",
      "integrity": "sha512-Mti+f9lpJNcwF4tWV8/OrTTtF1gZi+f8FqlyAdouralcFWFQWF2+NgCHShjkCb+IFBLq9buZwE1xckQU4peSuQ==",
      "dev": true,
      "requires": {
        "ansi-styles": "^3.2.1",
        "escape-string-regexp": "^1.0.5",
        "supports-color": "^5.3.0"
      },
      "dependencies": {
        "ansi-styles": {
          "version": "3.2.1",
          "resolved": "https://registry.npmjs.org/ansi-styles/-/ansi-styles-3.2.1.tgz",
          "integrity": "sha512-VT0ZI6kZRdTh8YyJw3SMbYm/u+NqfsAxEpWO0Pf9sq8/e94WxxOpPKx9FR1FlyCtOVDNOQ+8ntlqFxiRc+r5qA==",
          "dev": true,
          "requires": {
            "color-convert": "^1.9.0"
          }
        },
        "supports-color": {
          "version": "5.5.0",
          "resolved": "https://registry.npmjs.org/supports-color/-/supports-color-5.5.0.tgz",
          "integrity": "sha512-QjVjwdXIt408MIiAqCX4oUKsgU2EqAGzs2Ppkm4aQYbjm+ZEWEcW4SfFNTr4uMNZma0ey4f5lgLrkB0aX0QMow==",
          "dev": true,
          "requires": {
            "has-flag": "^3.0.0"
          }
        }
      }
    },
    "codelyzer": {
      "version": "4.5.0",
      "resolved": "https://registry.npmjs.org/codelyzer/-/codelyzer-4.5.0.tgz",
      "integrity": "sha512-oO6vCkjqsVrEsmh58oNlnJkRXuA30hF8cdNAQV9DytEalDwyOFRvHMnlKFzmOStNerOmPGZU9GAHnBo4tGvtiQ==",
      "dev": true,
      "requires": {
        "app-root-path": "^2.1.0",
        "css-selector-tokenizer": "^0.7.0",
        "cssauron": "^1.4.0",
        "semver-dsl": "^1.0.1",
        "source-map": "^0.5.7",
        "sprintf-js": "^1.1.1"
      }
    },
    "color-convert": {
      "version": "1.9.3",
      "resolved": "https://registry.npmjs.org/color-convert/-/color-convert-1.9.3.tgz",
      "integrity": "sha512-QfAUtd+vFdAtFQcC8CCyYt1fYWxSqAiK2cSD6zDB8N3cpsEBAvRxp9zOGg6G/SHHJYAT88/az/IuDGALsNVbGg==",
      "dev": true,
      "requires": {
        "color-name": "1.1.3"
      }
    },
    "color-name": {
      "version": "1.1.3",
      "resolved": "https://registry.npmjs.org/color-name/-/color-name-1.1.3.tgz",
      "integrity": "sha1-p9BVi9icQveV3UIyj3QIMcpTvCU=",
      "dev": true
    },
    "commander": {
      "version": "2.19.0",
      "resolved": "https://registry.npmjs.org/commander/-/commander-2.19.0.tgz",
      "integrity": "sha512-6tvAOO+D6OENvRAh524Dh9jcfKTYDQAqvqezbCW82xj5X0pSrcpxtvRKHLG0yBY6SD7PSDrJaj+0AiOcKVd1Xg==",
      "dev": true
    },
    "concat-map": {
      "version": "0.0.1",
      "resolved": "https://registry.npmjs.org/concat-map/-/concat-map-0.0.1.tgz",
      "integrity": "sha1-2Klr13/Wjfd5OnMDajug1UBdR3s=",
      "dev": true
    },
    "core-js": {
      "version": "2.3.0",
      "resolved": "https://registry.npmjs.org/core-js/-/core-js-2.3.0.tgz",
      "integrity": "sha1-+rg/uwstjchfpjbEudNMdUIMbWU="
    },
    "core-util-is": {
      "version": "1.0.2",
      "resolved": "https://registry.npmjs.org/core-util-is/-/core-util-is-1.0.2.tgz",
      "integrity": "sha1-tf1UIgqivFq1eqtxQMlAdUUDwac="
    },
    "css-selector-tokenizer": {
      "version": "0.7.1",
      "resolved": "https://registry.npmjs.org/css-selector-tokenizer/-/css-selector-tokenizer-0.7.1.tgz",
      "integrity": "sha512-xYL0AMZJ4gFzJQsHUKa5jiWWi2vH77WVNg7JYRyewwj6oPh4yb/y6Y9ZCw9dsj/9UauMhtuxR+ogQd//EdEVNA==",
      "dev": true,
      "requires": {
        "cssesc": "^0.1.0",
        "fastparse": "^1.1.1",
        "regexpu-core": "^1.0.0"
      }
    },
    "cssauron": {
      "version": "1.4.0",
      "resolved": "https://registry.npmjs.org/cssauron/-/cssauron-1.4.0.tgz",
      "integrity": "sha1-pmAt/34EqDBtwNuaVR6S6LVmKtg=",
      "dev": true,
      "requires": {
        "through": "X.X.X"
      }
    },
    "cssesc": {
      "version": "0.1.0",
      "resolved": "https://registry.npmjs.org/cssesc/-/cssesc-0.1.0.tgz",
      "integrity": "sha1-yBSQPkViM3GgR3tAEJqq++6t27Q=",
      "dev": true
    },
    "diff": {
      "version": "3.5.0",
      "resolved": "https://registry.npmjs.org/diff/-/diff-3.5.0.tgz",
      "integrity": "sha512-A46qtFgd+g7pDZinpnwiRJtxbC1hpgf0uzP3iG89scHk0AUC7A1TGxf5OiiOUv/JMZR8GOt8hL900hV0bOy5xA==",
      "dev": true
    },
    "es6-promise": {
      "version": "3.0.2",
      "resolved": "https://registry.npmjs.org/es6-promise/-/es6-promise-3.0.2.tgz",
      "integrity": "sha1-AQ1YWEI6XxGJeWZfRkhqlcbuK7Y="
    },
    "escape-string-regexp": {
      "version": "1.0.5",
      "resolved": "https://registry.npmjs.org/escape-string-regexp/-/escape-string-regexp-1.0.5.tgz",
      "integrity": "sha1-G2HAViGQqN/2rjuyzwIAyhMLhtQ=",
      "dev": true
    },
    "esprima": {
      "version": "4.0.1",
      "resolved": "https://registry.npmjs.org/esprima/-/esprima-4.0.1.tgz",
      "integrity": "sha512-eGuFFw7Upda+g4p+QHvnW0RyTX/SVeJBDM/gCtMARO0cLuT2HcEKnTPvhjV6aGeqrCB/sbNop0Kszm0jsaWU4A==",
      "dev": true
    },
    "esutils": {
      "version": "2.0.2",
      "resolved": "https://registry.npmjs.org/esutils/-/esutils-2.0.2.tgz",
      "integrity": "sha1-Cr9PHKpbyx96nYrMbepPqqBLrJs=",
      "dev": true
    },
    "fastparse": {
      "version": "1.1.2",
      "resolved": "https://registry.npmjs.org/fastparse/-/fastparse-1.1.2.tgz",
      "integrity": "sha512-483XLLxTVIwWK3QTrMGRqUfUpoOs/0hbQrl2oz4J0pAcm3A3bu84wxTFqGqkJzewCLdME38xJLJAxBABfQT8sQ==",
      "dev": true
    },
    "fs.realpath": {
      "version": "1.0.0",
      "resolved": "https://registry.npmjs.org/fs.realpath/-/fs.realpath-1.0.0.tgz",
      "integrity": "sha1-FQStJSMVjKpA20onh8sBQRmU6k8=",
      "dev": true
    },
    "glob": {
      "version": "7.1.3",
      "resolved": "https://registry.npmjs.org/glob/-/glob-7.1.3.tgz",
      "integrity": "sha512-vcfuiIxogLV4DlGBHIUOwI0IbrJ8HWPc4MU7HzviGeNho/UJDfi6B5p3sHeWIQ0KGIU0Jpxi5ZHxemQfLkkAwQ==",
      "dev": true,
      "requires": {
        "fs.realpath": "^1.0.0",
        "inflight": "^1.0.4",
        "inherits": "2",
        "minimatch": "^3.0.4",
        "once": "^1.3.0",
        "path-is-absolute": "^1.0.0"
      }
    },
    "has-ansi": {
      "version": "2.0.0",
      "resolved": "https://registry.npmjs.org/has-ansi/-/has-ansi-2.0.0.tgz",
      "integrity": "sha1-NPUEnOHs3ysGSa8+8k5F7TVBbZE=",
      "dev": true,
      "requires": {
        "ansi-regex": "^2.0.0"
      }
    },
    "has-flag": {
      "version": "3.0.0",
      "resolved": "https://registry.npmjs.org/has-flag/-/has-flag-3.0.0.tgz",
      "integrity": "sha1-tdRU3CGZriJWmfNGfloH87lVuv0=",
      "dev": true
    },
    "immediate": {
      "version": "3.0.6",
      "resolved": "https://registry.npmjs.org/immediate/-/immediate-3.0.6.tgz",
      "integrity": "sha1-nbHb0Pr43m++D13V5Wu2BigN5ps="
    },
    "inflight": {
      "version": "1.0.6",
      "resolved": "https://registry.npmjs.org/inflight/-/inflight-1.0.6.tgz",
      "integrity": "sha1-Sb1jMdfQLQwJvJEKEHW6gWW1bfk=",
      "dev": true,
      "requires": {
        "once": "^1.3.0",
        "wrappy": "1"
      }
    },
    "inherits": {
      "version": "2.0.3",
      "resolved": "https://registry.npmjs.org/inherits/-/inherits-2.0.3.tgz",
      "integrity": "sha1-Yzwsg+PaQqUC9SRmAiSA9CCCYd4="
    },
    "isarray": {
      "version": "1.0.0",
      "resolved": "https://registry.npmjs.org/isarray/-/isarray-1.0.0.tgz",
      "integrity": "sha1-u5NdSFgsuhaMBoNJV6VKPgcSTxE="
    },
    "jasmine": {
      "version": "3.3.1",
      "resolved": "https://registry.npmjs.org/jasmine/-/jasmine-3.3.1.tgz",
      "integrity": "sha512-/vU3/H7U56XsxIXHwgEuWpCgQ0bRi2iiZeUpx7Nqo8n1TpoDHfZhkPIc7CO8I4pnMzYsi3XaSZEiy8cnTfujng==",
      "dev": true,
      "requires": {
        "glob": "^7.0.6",
        "jasmine-core": "~3.3.0"
      }
    },
    "jasmine-core": {
      "version": "3.3.0",
      "resolved": "https://registry.npmjs.org/jasmine-core/-/jasmine-core-3.3.0.tgz",
      "integrity": "sha512-3/xSmG/d35hf80BEN66Y6g9Ca5l/Isdeg/j6zvbTYlTzeKinzmaTM4p9am5kYqOmE05D7s1t8FGjzdSnbUbceA==",
      "dev": true
    },
    "js-tokens": {
      "version": "3.0.2",
      "resolved": "https://registry.npmjs.org/js-tokens/-/js-tokens-3.0.2.tgz",
      "integrity": "sha1-mGbfOVECEw449/mWvOtlRDIJwls=",
      "dev": true
    },
    "js-yaml": {
      "version": "3.12.1",
      "resolved": "https://registry.npmjs.org/js-yaml/-/js-yaml-3.12.1.tgz",
      "integrity": "sha512-um46hB9wNOKlwkHgiuyEVAybXBjwFUV0Z/RaHJblRd9DXltue9FTYvzCr9ErQrK9Adz5MU4gHWVaNUfdmrC8qA==",
      "dev": true,
      "requires": {
        "argparse": "^1.0.7",
        "esprima": "^4.0.0"
      }
    },
    "jsesc": {
      "version": "0.5.0",
      "resolved": "https://registry.npmjs.org/jsesc/-/jsesc-0.5.0.tgz",
      "integrity": "sha1-597mbjXW/Bb3EP6R1c9p9w8IkR0=",
      "dev": true
    },
    "jszip": {
      "version": "3.1.5",
      "resolved": "https://registry.npmjs.org/jszip/-/jszip-3.1.5.tgz",
      "integrity": "sha512-5W8NUaFRFRqTOL7ZDDrx5qWHJyBXy6velVudIzQUSoqAAYqzSh2Z7/m0Rf1QbmQJccegD0r+YZxBjzqoBiEeJQ==",
      "requires": {
        "core-js": "~2.3.0",
        "es6-promise": "~3.0.2",
        "lie": "~3.1.0",
        "pako": "~1.0.2",
        "readable-stream": "~2.0.6"
      }
    },
    "lie": {
      "version": "3.1.1",
      "resolved": "https://registry.npmjs.org/lie/-/lie-3.1.1.tgz",
      "integrity": "sha1-mkNrLMd0bKWd56QfpGmz77dr2H4=",
      "requires": {
        "immediate": "~3.0.5"
      }
    },
    "minimatch": {
      "version": "3.0.4",
      "resolved": "https://registry.npmjs.org/minimatch/-/minimatch-3.0.4.tgz",
      "integrity": "sha512-yJHVQEhyqPLUTgt9B83PXu6W3rx4MvvHvSUvToogpwoGDOUQ+yDrR0HRot+yOCdCO7u4hX3pWft6kWBBcqh0UA==",
      "dev": true,
      "requires": {
        "brace-expansion": "^1.1.7"
      }
    },
    "once": {
      "version": "1.4.0",
      "resolved": "https://registry.npmjs.org/once/-/once-1.4.0.tgz",
      "integrity": "sha1-WDsap3WWHUsROsF9nFC6753Xa9E=",
      "dev": true,
      "requires": {
        "wrappy": "1"
      }
    },
    "pako": {
      "version": "1.0.8",
      "resolved": "https://registry.npmjs.org/pako/-/pako-1.0.8.tgz",
      "integrity": "sha512-6i0HVbUfcKaTv+EG8ZTr75az7GFXcLYk9UyLEg7Notv/Ma+z/UG3TCoz6GiNeOrn1E/e63I0X/Hpw18jHOTUnA=="
    },
    "path-is-absolute": {
      "version": "1.0.1",
      "resolved": "https://registry.npmjs.org/path-is-absolute/-/path-is-absolute-1.0.1.tgz",
      "integrity": "sha1-F0uSaHNVNP+8es5r9TpanhtcX18=",
      "dev": true
    },
    "path-parse": {
      "version": "1.0.6",
      "resolved": "https://registry.npmjs.org/path-parse/-/path-parse-1.0.6.tgz",
      "integrity": "sha512-GSmOT2EbHrINBf9SR7CDELwlJ8AENk3Qn7OikK4nFYAu3Ote2+JYNVvkpAEQm3/TLNEJFD/xZJjzyxg3KBWOzw==",
      "dev": true
    },
    "process-nextick-args": {
      "version": "1.0.7",
      "resolved": "https://registry.npmjs.org/process-nextick-args/-/process-nextick-args-1.0.7.tgz",
      "integrity": "sha1-FQ4gt1ZZCtP5EJPyWk8q2L/zC6M="
    },
    "readable-stream": {
      "version": "2.0.6",
      "resolved": "https://registry.npmjs.org/readable-stream/-/readable-stream-2.0.6.tgz",
      "integrity": "sha1-j5A0HmilPMySh4jaz80Rs265t44=",
      "requires": {
        "core-util-is": "~1.0.0",
        "inherits": "~2.0.1",
        "isarray": "~1.0.0",
        "process-nextick-args": "~1.0.6",
        "string_decoder": "~0.10.x",
        "util-deprecate": "~1.0.1"
      }
    },
    "regenerate": {
      "version": "1.4.0",
      "resolved": "https://registry.npmjs.org/regenerate/-/regenerate-1.4.0.tgz",
      "integrity": "sha512-1G6jJVDWrt0rK99kBjvEtziZNCICAuvIPkSiUFIQxVP06RCVpq3dmDo2oi6ABpYaDYaTRr67BEhL8r1wgEZZKg==",
      "dev": true
    },
    "regexpu-core": {
      "version": "1.0.0",
      "resolved": "https://registry.npmjs.org/regexpu-core/-/regexpu-core-1.0.0.tgz",
      "integrity": "sha1-hqdj9Y7k18L2sQLkdkBQ3n7ZDGs=",
      "dev": true,
      "requires": {
        "regenerate": "^1.2.1",
        "regjsgen": "^0.2.0",
        "regjsparser": "^0.1.4"
      }
    },
    "regjsgen": {
      "version": "0.2.0",
      "resolved": "https://registry.npmjs.org/regjsgen/-/regjsgen-0.2.0.tgz",
      "integrity": "sha1-bAFq3qxVT3WCP+N6wFuS1aTtsfc=",
      "dev": true
    },
    "regjsparser": {
      "version": "0.1.5",
      "resolved": "https://registry.npmjs.org/regjsparser/-/regjsparser-0.1.5.tgz",
      "integrity": "sha1-fuj4Tcb6eS0/0K4ijSS9lJ6tIFw=",
      "dev": true,
      "requires": {
        "jsesc": "~0.5.0"
      }
    },
    "resolve": {
      "version": "1.10.0",
      "resolved": "https://registry.npmjs.org/resolve/-/resolve-1.10.0.tgz",
      "integrity": "sha512-3sUr9aq5OfSg2S9pNtPA9hL1FVEAjvfOC4leW0SNf/mpnaakz2a9femSd6LqAww2RaFctwyf1lCqnTHuF1rxDg==",
      "dev": true,
      "requires": {
        "path-parse": "^1.0.6"
      }
    },
    "rxjs": {
      "version": "6.4.0",
      "resolved": "https://registry.npmjs.org/rxjs/-/rxjs-6.4.0.tgz",
      "integrity": "sha512-Z9Yfa11F6B9Sg/BK9MnqnQ+aQYicPLtilXBp2yUtDt2JRCE0h26d33EnfO3ZxoNxG0T92OUucP3Ct7cpfkdFfw==",
      "requires": {
        "tslib": "^1.9.0"
      }
    },
    "rxjs-compat": {
      "version": "6.4.0",
      "resolved": "https://registry.npmjs.org/rxjs-compat/-/rxjs-compat-6.4.0.tgz",
      "integrity": "sha512-eo/O8RS83hJdJukCtA+IF6qnqa8FPOuVo+OPCzgVi+dbTle9KCdNv97IcQO0WwNVik7DJLKmf0F8uwzc0q40vw=="
    },
    "semver": {
      "version": "5.6.0",
      "resolved": "https://registry.npmjs.org/semver/-/semver-5.6.0.tgz",
      "integrity": "sha512-RS9R6R35NYgQn++fkDWaOmqGoj4Ek9gGs+DPxNUZKuwE183xjJroKvyo1IzVFeXvUrvmALy6FWD5xrdJT25gMg==",
      "dev": true
    },
    "semver-dsl": {
      "version": "1.0.1",
      "resolved": "https://registry.npmjs.org/semver-dsl/-/semver-dsl-1.0.1.tgz",
      "integrity": "sha1-02eN5VVeimH2Ke7QJTZq5fJzQKA=",
      "dev": true,
      "requires": {
        "semver": "^5.3.0"
      }
    },
    "source-map": {
      "version": "0.5.7",
      "resolved": "https://registry.npmjs.org/source-map/-/source-map-0.5.7.tgz",
      "integrity": "sha1-igOdLRAh0i0eoUyA2OpGi6LvP8w=",
      "dev": true
    },
    "sprintf-js": {
      "version": "1.1.2",
      "resolved": "https://registry.npmjs.org/sprintf-js/-/sprintf-js-1.1.2.tgz",
      "integrity": "sha512-VE0SOVEHCk7Qc8ulkWw3ntAzXuqf7S2lvwQaDLRnUeIEaKNQJzV6BwmLKhOqT61aGhfUMrXeaBk+oDGCzvhcug==",
      "dev": true
    },
    "string_decoder": {
      "version": "0.10.31",
      "resolved": "https://registry.npmjs.org/string_decoder/-/string_decoder-0.10.31.tgz",
      "integrity": "sha1-YuIDvEF2bGwoyfyEMB2rHFMQ+pQ="
    },
    "strip-ansi": {
      "version": "3.0.1",
      "resolved": "https://registry.npmjs.org/strip-ansi/-/strip-ansi-3.0.1.tgz",
      "integrity": "sha1-ajhfuIU9lS1f8F0Oiq+UJ43GPc8=",
      "dev": true,
      "requires": {
        "ansi-regex": "^2.0.0"
      }
    },
    "supports-color": {
      "version": "2.0.0",
      "resolved": "https://registry.npmjs.org/supports-color/-/supports-color-2.0.0.tgz",
      "integrity": "sha1-U10EXOa2Nj+kARcIRimZXp3zJMc=",
      "dev": true
    },
    "through": {
      "version": "2.3.8",
      "resolved": "https://registry.npmjs.org/through/-/through-2.3.8.tgz",
      "integrity": "sha1-DdTJ/6q8NXlgsbckEV1+Doai4fU=",
      "dev": true
    },
    "tslib": {
      "version": "1.9.3",
      "resolved": "https://registry.npmjs.org/tslib/-/tslib-1.9.3.tgz",
      "integrity": "sha512-4krF8scpejhaOgqzBEcGM7yDIEfi0/8+8zDRZhNZZ2kjmHJ4hv3zCbQWxoJGz1iw5U0Jl0nma13xzHXcncMavQ=="
    },
    "tslint": {
      "version": "5.12.1",
      "resolved": "https://registry.npmjs.org/tslint/-/tslint-5.12.1.tgz",
      "integrity": "sha512-sfodBHOucFg6egff8d1BvuofoOQ/nOeYNfbp7LDlKBcLNrL3lmS5zoiDGyOMdT7YsEXAwWpTdAHwOGOc8eRZAw==",
      "dev": true,
      "requires": {
        "babel-code-frame": "^6.22.0",
        "builtin-modules": "^1.1.1",
        "chalk": "^2.3.0",
        "commander": "^2.12.1",
        "diff": "^3.2.0",
        "glob": "^7.1.1",
        "js-yaml": "^3.7.0",
        "minimatch": "^3.0.4",
        "resolve": "^1.3.2",
        "semver": "^5.3.0",
        "tslib": "^1.8.0",
        "tsutils": "^2.27.2"
      }
    },
    "tsutils": {
      "version": "2.29.0",
      "resolved": "https://registry.npmjs.org/tsutils/-/tsutils-2.29.0.tgz",
      "integrity": "sha512-g5JVHCIJwzfISaXpXE1qvNalca5Jwob6FjI4AoPlqMusJ6ftFE7IkkFoMhVLRgK+4Kx3gkzb8UZK5t5yTTvEmA==",
      "dev": true,
      "requires": {
        "tslib": "^1.8.1"
      }
    },
    "typescript": {
      "version": "3.2.4",
      "resolved": "https://crgolden.pkgs.visualstudio.com/_packaging/Cef/npm/registry/typescript/-/typescript-3.2.4.tgz",
      "integrity": "sha1-xYXLlSkSJj2RW0YnJs4kS6UQ7z0=",
      "dev": true
    },
    "util-deprecate": {
      "version": "1.0.2",
      "resolved": "https://registry.npmjs.org/util-deprecate/-/util-deprecate-1.0.2.tgz",
      "integrity": "sha1-RQ1Nyfpw3nMnYvvS1KKJgUGaDM8="
    },
    "wrappy": {
      "version": "1.0.2",
      "resolved": "https://registry.npmjs.org/wrappy/-/wrappy-1.0.2.tgz",
      "integrity": "sha1-tSQ9jz7BqjXxNkYFvA0QNuMKtp8=",
      "dev": true
    },
    "zone.js": {
      "version": "0.8.29",
      "resolved": "https://registry.npmjs.org/zone.js/-/zone.js-0.8.29.tgz",
      "integrity": "sha512-mla2acNCMkWXBD+c+yeUrBUrzOxYMNFdQ6FGfigGGtEVBPJx07BQeJekjt9DmH1FtZek4E9rE1eRR9qQpxACOQ=="
    }
  }
}
