{
  "name": "@crgolden/oidc-models",
  "version": "1.0.0",
  "lockfileVersion": 1,
  "requires": true,
  "dependencies": {
    "@crgolden/core-claims": {
      "version": "1.0.0",
      "resolved": "https://pkgs.dev.azure.com/crgolden/crgolden/_packaging/crgolden/npm/registry/@crgolden/core-claims/-/core-claims-1.0.0.tgz",
      "integrity": "sha1-Q+E7Ul2FERzbae2/cSxuuDP/tuA="
    },
    "typescript": {
      "version": "3.4.5",
      "resolved": "https://registry.npmjs.org/typescript/-/typescript-3.4.5.tgz",
      "integrity": "sha512-YycBxUb49UUhdNMU5aJ7z5Ej2XGmaIBL0x34vZ82fn3hGvD+bgrMrVDpatgz2f7YxUMJxMkbWxJZeAvDxVe7Vw==",
      "dev": true
    }
  }
}
