{
  "name": "@clarity/oidc-models",
  "version": "0.1.0",
  "lockfileVersion": 1,
  "requires": true,
  "dependencies": {
    "@clarity/core-claims": {
      "version": "0.1.0",
      "resolved": "https://crgolden.pkgs.visualstudio.com/_packaging/Clarity/npm/registry/@clarity/core-claims/-/core-claims-0.1.0.tgz",
      "integrity": "sha1-hIIHIeKyO+OL/xFi5DNJk4da0P4=",
      "dev": true
    },
    "typescript": {
      "version": "3.2.4",
      "resolved": "https://crgolden.pkgs.visualstudio.com/_packaging/Clarity/npm/registry/typescript/-/typescript-3.2.4.tgz",
      "integrity": "sha1-xYXLlSkSJj2RW0YnJs4kS6UQ7z0=",
      "dev": true
    }
  }
}
