{
  "name": "@crgolden/oidc-models",
  "version": "1.0.0",
  "lockfileVersion": 1,
  "requires": true,
  "dependencies": {
    "@crgolden/core-claims": {
      "version": "1.0.0",
      "resolved": "https://pkgs.dev.azure.com/crgolden/_packaging/crgolden/npm/registry/@crgolden/core-claims/-/core-claims-1.0.0.tgz",
      "integrity": "sha1-6cdiOXBZcaaLazs62YrPwq0bCxk="
    },
    "typescript": {
      "version": "3.2.4",
      "resolved": "https://pkgs.dev.azure.com/crgolden/_packaging/crgolden/npm/registry/typescript/-/typescript-3.2.4.tgz",
      "integrity": "sha1-xYXLlSkSJj2RW0YnJs4kS6UQ7z0=",
      "dev": true
    }
  }
}
